
Microsoft Visual Studio Solution File, Format Version 12.00
# Visual Studio Version 16
VisualStudioVersion = 16.0.31911.196
MinimumVisualStudioVersion = 10.0.40219.1
Project("{8BC9CEB8-8B4A-11D0-8D11-00A0C91BC942}") = "DirectoryMonitor", "DirectoryMonitor.vcxproj", "{93A51722-A6F5-40D1-B554-822F1208FC79}"
EndProject
Global
	GlobalSection(SolutionConfigurationPlatforms) = preSolution
		Debug|x64 = Debug|x64
		Debug|x86 = Debug|x86
		Release|x64 = Release|x64
		Release|x86 = Release|x86
	EndGlobalSection
	GlobalSection(ProjectConfigurationPlatforms) = postSolution
		{93A51722-A6F5-40D1-B554-822F1208FC79}.Debug|x64.ActiveCfg = Debug|x64
		{93A51722-A6F5-40D1-B554-822F1208FC79}.Debug|x64.Build.0 = Debug|x64
		{93A51722-A6F5-40D1-B554-822F1208FC79}.Debug|x86.ActiveCfg = Debug|Win32
		{93A51722-A6F5-40D1-B554-822F1208FC79}.Debug|x86.Build.0 = Debug|Win32
		{93A51722-A6F5-40D1-B554-822F1208FC79}.Release|x64.ActiveCfg = Release|x64
		{93A51722-A6F5-40D1-B554-822F1208FC79}.Release|x64.Build.0 = Release|x64
		{93A51722-A6F5-40D1-B554-822F1208FC79}.Release|x86.ActiveCfg = Release|Win32
		{93A51722-A6F5-40D1-B554-822F1208FC79}.Release|x86.Build.0 = Release|Win32
	EndGlobalSection
	GlobalSection(SolutionProperties) = preSolution
		HideSolutionNode = FALSE
	EndGlobalSection
	GlobalSection(ExtensibilityGlobals) = postSolution
		SolutionGuid = {C25BC775-B561-41DD-B18C-1955D8CFDA9F}
	EndGlobalSection
EndGlobal
